
Microsoft Visual Studio Solution File, Format Version 12.00
# Visual Studio Version 17
VisualStudioVersion = 17.0.31903.59
MinimumVisualStudioVersion = 10.0.40219.1
Project("{9A19103F-16F7-4668-BE54-9A1E7A4F7556}") = "CarWorkshop.MVC", "CarWorkshop.MVC\CarWorkshop.MVC.csproj", "{0F86670D-448D-4F3A-B105-1513A9FDFB54}"
EndProject
Project("{9A19103F-16F7-4668-BE54-9A1E7A4F7556}") = "CarWorkshop.Domain", "CarWorkshop.Domain\CarWorkshop.Domain.csproj", "{640D245E-C60E-4637-A890-DFCE36F8C5E0}"
EndProject
Project("{9A19103F-16F7-4668-BE54-9A1E7A4F7556}") = "CarWorkshop.Application", "CarWorkshop.Application\CarWorkshop.Application.csproj", "{D8425894-4ECD-4638-8A3F-744F216884DD}"
EndProject
Project("{9A19103F-16F7-4668-BE54-9A1E7A4F7556}") = "CarWorkshop.Infrastructure", "CarWorkshop.Infrastructure\CarWorkshop.Infrastructure.csproj", "{2C9A918A-496F-4966-A6E4-0CF6166F8737}"
EndProject
Project("{2150E333-8FDC-42A3-9474-1A3956D46DE8}") = "tests", "tests", "{3CDB033D-9FA4-4218-B12B-36345ADC30BF}"
EndProject
Project("{FAE04EC0-301F-11D3-BF4B-00C04F79EFBC}") = "CarWorkshop.Domain.Tests", "CarWorkshop.Domain.Tests\CarWorkshop.Domain.Tests.csproj", "{BFE2B15D-8310-432C-8371-BD7F9510D7CD}"
EndProject
Project("{FAE04EC0-301F-11D3-BF4B-00C04F79EFBC}") = "CarWorkshop.ApplicationTests", "CarWorkshop.ApplicationTests\CarWorkshop.ApplicationTests.csproj", "{1780985C-2355-4B70-816D-4AE6130654EF}"
EndProject
Project("{FAE04EC0-301F-11D3-BF4B-00C04F79EFBC}") = "CarWorkshop.MVC.Tests", "CarWorkshop.MVC.Tests\CarWorkshop.MVC.Tests.csproj", "{058C7964-74CE-48D9-81D1-10CF7C754FE1}"
EndProject
Global
	GlobalSection(SolutionConfigurationPlatforms) = preSolution
		Debug|Any CPU = Debug|Any CPU
		Release|Any CPU = Release|Any CPU
	EndGlobalSection
	GlobalSection(ProjectConfigurationPlatforms) = postSolution
		{0F86670D-448D-4F3A-B105-1513A9FDFB54}.Debug|Any CPU.ActiveCfg = Debug|Any CPU
		{0F86670D-448D-4F3A-B105-1513A9FDFB54}.Debug|Any CPU.Build.0 = Debug|Any CPU
		{0F86670D-448D-4F3A-B105-1513A9FDFB54}.Release|Any CPU.ActiveCfg = Release|Any CPU
		{0F86670D-448D-4F3A-B105-1513A9FDFB54}.Release|Any CPU.Build.0 = Release|Any CPU
		{640D245E-C60E-4637-A890-DFCE36F8C5E0}.Debug|Any CPU.ActiveCfg = Debug|Any CPU
		{640D245E-C60E-4637-A890-DFCE36F8C5E0}.Debug|Any CPU.Build.0 = Debug|Any CPU
		{640D245E-C60E-4637-A890-DFCE36F8C5E0}.Release|Any CPU.ActiveCfg = Release|Any CPU
		{640D245E-C60E-4637-A890-DFCE36F8C5E0}.Release|Any CPU.Build.0 = Release|Any CPU
		{D8425894-4ECD-4638-8A3F-744F216884DD}.Debug|Any CPU.ActiveCfg = Debug|Any CPU
		{D8425894-4ECD-4638-8A3F-744F216884DD}.Debug|Any CPU.Build.0 = Debug|Any CPU
		{D8425894-4ECD-4638-8A3F-744F216884DD}.Release|Any CPU.ActiveCfg = Release|Any CPU
		{D8425894-4ECD-4638-8A3F-744F216884DD}.Release|Any CPU.Build.0 = Release|Any CPU
		{2C9A918A-496F-4966-A6E4-0CF6166F8737}.Debug|Any CPU.ActiveCfg = Debug|Any CPU
		{2C9A918A-496F-4966-A6E4-0CF6166F8737}.Debug|Any CPU.Build.0 = Debug|Any CPU
		{2C9A918A-496F-4966-A6E4-0CF6166F8737}.Release|Any CPU.ActiveCfg = Release|Any CPU
		{2C9A918A-496F-4966-A6E4-0CF6166F8737}.Release|Any CPU.Build.0 = Release|Any CPU
		{BFE2B15D-8310-432C-8371-BD7F9510D7CD}.Debug|Any CPU.ActiveCfg = Debug|Any CPU
		{BFE2B15D-8310-432C-8371-BD7F9510D7CD}.Debug|Any CPU.Build.0 = Debug|Any CPU
		{BFE2B15D-8310-432C-8371-BD7F9510D7CD}.Release|Any CPU.ActiveCfg = Release|Any CPU
		{BFE2B15D-8310-432C-8371-BD7F9510D7CD}.Release|Any CPU.Build.0 = Release|Any CPU
		{1780985C-2355-4B70-816D-4AE6130654EF}.Debug|Any CPU.ActiveCfg = Debug|Any CPU
		{1780985C-2355-4B70-816D-4AE6130654EF}.Debug|Any CPU.Build.0 = Debug|Any CPU
		{1780985C-2355-4B70-816D-4AE6130654EF}.Release|Any CPU.ActiveCfg = Release|Any CPU
		{1780985C-2355-4B70-816D-4AE6130654EF}.Release|Any CPU.Build.0 = Release|Any CPU
		{058C7964-74CE-48D9-81D1-10CF7C754FE1}.Debug|Any CPU.ActiveCfg = Debug|Any CPU
		{058C7964-74CE-48D9-81D1-10CF7C754FE1}.Debug|Any CPU.Build.0 = Debug|Any CPU
		{058C7964-74CE-48D9-81D1-10CF7C754FE1}.Release|Any CPU.ActiveCfg = Release|Any CPU
		{058C7964-74CE-48D9-81D1-10CF7C754FE1}.Release|Any CPU.Build.0 = Release|Any CPU
	EndGlobalSection
	GlobalSection(SolutionProperties) = preSolution
		HideSolutionNode = FALSE
	EndGlobalSection
	GlobalSection(NestedProjects) = preSolution
		{BFE2B15D-8310-432C-8371-BD7F9510D7CD} = {3CDB033D-9FA4-4218-B12B-36345ADC30BF}
		{1780985C-2355-4B70-816D-4AE6130654EF} = {3CDB033D-9FA4-4218-B12B-36345ADC30BF}
		{058C7964-74CE-48D9-81D1-10CF7C754FE1} = {3CDB033D-9FA4-4218-B12B-36345ADC30BF}
	EndGlobalSection
	GlobalSection(ExtensibilityGlobals) = postSolution
		SolutionGuid = {C6705D1D-FE9A-4D90-B2BB-F8C672944A5C}
	EndGlobalSection
EndGlobal
